
Microsoft Visual Studio Solution File, Format Version 12.00
# Visual Studio 2012
Project("{FAE04EC0-301F-11D3-BF4B-00C04F79EFBC}") = "RALProject.Web", "RALProject.Web\RALProject.Web.csproj", "{24807897-A06A-47BC-A66F-E27CC5ED9FAE}"
EndProject
Project("{FAE04EC0-301F-11D3-BF4B-00C04F79EFBC}") = "RALProject.ApplicationService", "RALProject.ApplicationService\RALProject.ApplicationService.csproj", "{8E6372C3-D51D-4820-BB2E-455150C8416A}"
EndProject
Project("{FAE04EC0-301F-11D3-BF4B-00C04F79EFBC}") = "RALProject.Domain", "RALProject.Domain\RALProject.Domain.csproj", "{2496592F-4FB1-44E9-A3D0-25FA9A124A45}"
EndProject
Project("{FAE04EC0-301F-11D3-BF4B-00C04F79EFBC}") = "RALProject.Infrastructure", "RALProject.Infrastructure\RALProject.Infrastructure.csproj", "{F603CEDF-69C7-41CE-AD7C-D68988BFA161}"
EndProject
Project("{FAE04EC0-301F-11D3-BF4B-00C04F79EFBC}") = "RALProject.Common", "RALProject.Common\RALProject.Common.csproj", "{1DE579D9-BD18-4C72-901F-27CC92A1AF99}"
EndProject
Project("{2150E333-8FDC-42A3-9474-1A3956D46DE8}") = ".nuget", ".nuget", "{4AA74AC2-67AC-4272-9492-64422F6D9DC4}"
	ProjectSection(SolutionItems) = preProject
		.nuget\NuGet.Config = .nuget\NuGet.Config
		.nuget\NuGet.exe = .nuget\NuGet.exe
		.nuget\NuGet.targets = .nuget\NuGet.targets
	EndProjectSection
EndProject
Project("{2150E333-8FDC-42A3-9474-1A3956D46DE8}") = "readme", "readme", "{4B4E7742-546A-46BC-AA8F-D715D7BC050D}"
	ProjectSection(SolutionItems) = preProject
		CreateNewProjectBasedOnRALProject.ps1 = CreateNewProjectBasedOnRALProject.ps1
	EndProjectSection
EndProject
Global
	GlobalSection(SubversionScc) = preSolution
		Svn-Managed = True
		Manager = AnkhSVN - Subversion Support for Visual Studio
	EndGlobalSection
	GlobalSection(SolutionConfigurationPlatforms) = preSolution
		Debug|Any CPU = Debug|Any CPU
		Production|Any CPU = Production|Any CPU
		Release|Any CPU = Release|Any CPU
	EndGlobalSection
	GlobalSection(ProjectConfigurationPlatforms) = postSolution
		{24807897-A06A-47BC-A66F-E27CC5ED9FAE}.Debug|Any CPU.ActiveCfg = Debug|Any CPU
		{24807897-A06A-47BC-A66F-E27CC5ED9FAE}.Debug|Any CPU.Build.0 = Debug|Any CPU
		{24807897-A06A-47BC-A66F-E27CC5ED9FAE}.Production|Any CPU.ActiveCfg = Production|Any CPU
		{24807897-A06A-47BC-A66F-E27CC5ED9FAE}.Production|Any CPU.Build.0 = Production|Any CPU
		{24807897-A06A-47BC-A66F-E27CC5ED9FAE}.Release|Any CPU.ActiveCfg = Release|Any CPU
		{24807897-A06A-47BC-A66F-E27CC5ED9FAE}.Release|Any CPU.Build.0 = Release|Any CPU
		{8E6372C3-D51D-4820-BB2E-455150C8416A}.Debug|Any CPU.ActiveCfg = Debug|Any CPU
		{8E6372C3-D51D-4820-BB2E-455150C8416A}.Debug|Any CPU.Build.0 = Debug|Any CPU
		{8E6372C3-D51D-4820-BB2E-455150C8416A}.Production|Any CPU.ActiveCfg = Production|Any CPU
		{8E6372C3-D51D-4820-BB2E-455150C8416A}.Production|Any CPU.Build.0 = Production|Any CPU
		{8E6372C3-D51D-4820-BB2E-455150C8416A}.Release|Any CPU.ActiveCfg = Release|Any CPU
		{8E6372C3-D51D-4820-BB2E-455150C8416A}.Release|Any CPU.Build.0 = Release|Any CPU
		{2496592F-4FB1-44E9-A3D0-25FA9A124A45}.Debug|Any CPU.ActiveCfg = Debug|Any CPU
		{2496592F-4FB1-44E9-A3D0-25FA9A124A45}.Debug|Any CPU.Build.0 = Debug|Any CPU
		{2496592F-4FB1-44E9-A3D0-25FA9A124A45}.Production|Any CPU.ActiveCfg = Production|Any CPU
		{2496592F-4FB1-44E9-A3D0-25FA9A124A45}.Production|Any CPU.Build.0 = Production|Any CPU
		{2496592F-4FB1-44E9-A3D0-25FA9A124A45}.Release|Any CPU.ActiveCfg = Release|Any CPU
		{2496592F-4FB1-44E9-A3D0-25FA9A124A45}.Release|Any CPU.Build.0 = Release|Any CPU
		{F603CEDF-69C7-41CE-AD7C-D68988BFA161}.Debug|Any CPU.ActiveCfg = Debug|Any CPU
		{F603CEDF-69C7-41CE-AD7C-D68988BFA161}.Debug|Any CPU.Build.0 = Debug|Any CPU
		{F603CEDF-69C7-41CE-AD7C-D68988BFA161}.Production|Any CPU.ActiveCfg = Production|Any CPU
		{F603CEDF-69C7-41CE-AD7C-D68988BFA161}.Production|Any CPU.Build.0 = Production|Any CPU
		{F603CEDF-69C7-41CE-AD7C-D68988BFA161}.Release|Any CPU.ActiveCfg = Release|Any CPU
		{F603CEDF-69C7-41CE-AD7C-D68988BFA161}.Release|Any CPU.Build.0 = Release|Any CPU
		{1DE579D9-BD18-4C72-901F-27CC92A1AF99}.Debug|Any CPU.ActiveCfg = Debug|Any CPU
		{1DE579D9-BD18-4C72-901F-27CC92A1AF99}.Debug|Any CPU.Build.0 = Debug|Any CPU
		{1DE579D9-BD18-4C72-901F-27CC92A1AF99}.Production|Any CPU.ActiveCfg = Production|Any CPU
		{1DE579D9-BD18-4C72-901F-27CC92A1AF99}.Production|Any CPU.Build.0 = Production|Any CPU
		{1DE579D9-BD18-4C72-901F-27CC92A1AF99}.Release|Any CPU.ActiveCfg = Release|Any CPU
		{1DE579D9-BD18-4C72-901F-27CC92A1AF99}.Release|Any CPU.Build.0 = Release|Any CPU
	EndGlobalSection
	GlobalSection(SolutionProperties) = preSolution
		HideSolutionNode = FALSE
	EndGlobalSection
EndGlobal
